
Microsoft Visual Studio Solution File, Format Version 12.00
# Visual Studio 2013
VisualStudioVersion = 12.0.31101.0
MinimumVisualStudioVersion = 10.0.40219.1
Project("{FAE04EC0-301F-11D3-BF4B-00C04F79EFBC}") = "SignalRServer", "SignalRServer\SignalRServer.csproj", "{1B7A4723-705C-47DF-906F-799BE32FBBF9}"
EndProject
Project("{FAE04EC0-301F-11D3-BF4B-00C04F79EFBC}") = "WebApplication_Cache", "WebApplication_Cache\WebApplication_Cache.csproj", "{2D9CEBC2-15AA-4592-BA0C-2A438CA0F6BF}"
EndProject
Project("{FAE04EC0-301F-11D3-BF4B-00C04F79EFBC}") = "OlympicMarathon", "OlympicMarathon\OlympicMarathon.csproj", "{63621DC6-20BF-411D-8BC6-31D12F7F2ADF}"
EndProject
Global
	GlobalSection(SolutionConfigurationPlatforms) = preSolution
		Debug|Any CPU = Debug|Any CPU
		Release|Any CPU = Release|Any CPU
	EndGlobalSection
	GlobalSection(ProjectConfigurationPlatforms) = postSolution
		{1B7A4723-705C-47DF-906F-799BE32FBBF9}.Debug|Any CPU.ActiveCfg = Debug|Any CPU
		{1B7A4723-705C-47DF-906F-799BE32FBBF9}.Debug|Any CPU.Build.0 = Debug|Any CPU
		{1B7A4723-705C-47DF-906F-799BE32FBBF9}.Release|Any CPU.ActiveCfg = Release|Any CPU
		{1B7A4723-705C-47DF-906F-799BE32FBBF9}.Release|Any CPU.Build.0 = Release|Any CPU
		{2D9CEBC2-15AA-4592-BA0C-2A438CA0F6BF}.Debug|Any CPU.ActiveCfg = Debug|Any CPU
		{2D9CEBC2-15AA-4592-BA0C-2A438CA0F6BF}.Debug|Any CPU.Build.0 = Debug|Any CPU
		{2D9CEBC2-15AA-4592-BA0C-2A438CA0F6BF}.Release|Any CPU.ActiveCfg = Release|Any CPU
		{2D9CEBC2-15AA-4592-BA0C-2A438CA0F6BF}.Release|Any CPU.Build.0 = Release|Any CPU
		{63621DC6-20BF-411D-8BC6-31D12F7F2ADF}.Debug|Any CPU.ActiveCfg = Debug|Any CPU
		{63621DC6-20BF-411D-8BC6-31D12F7F2ADF}.Debug|Any CPU.Build.0 = Debug|Any CPU
		{63621DC6-20BF-411D-8BC6-31D12F7F2ADF}.Release|Any CPU.ActiveCfg = Release|Any CPU
		{63621DC6-20BF-411D-8BC6-31D12F7F2ADF}.Release|Any CPU.Build.0 = Release|Any CPU
	EndGlobalSection
	GlobalSection(SolutionProperties) = preSolution
		HideSolutionNode = FALSE
	EndGlobalSection
EndGlobal
